
Microsoft Visual Studio Solution File, Format Version 12.00
# Visual Studio Version 17
VisualStudioVersion = 17.11.35327.3
MinimumVisualStudioVersion = 10.0.40219.1
Project("{FAE04EC0-301F-11D3-BF4B-00C04F79EFBC}") = "ClientApp", "ClientApp\ClientApp.csproj", "{6D78A1E7-B139-429A-B794-3E6D0EC59C74}"
EndProject
Global
	GlobalSection(SolutionConfigurationPlatforms) = preSolution
		Debug|Any CPU = Debug|Any CPU
		Release|Any CPU = Release|Any CPU
	EndGlobalSection
	GlobalSection(ProjectConfigurationPlatforms) = postSolution
		{6D78A1E7-B139-429A-B794-3E6D0EC59C74}.Debug|Any CPU.ActiveCfg = Debug|Any CPU
		{6D78A1E7-B139-429A-B794-3E6D0EC59C74}.Debug|Any CPU.Build.0 = Debug|Any CPU
		{6D78A1E7-B139-429A-B794-3E6D0EC59C74}.Release|Any CPU.ActiveCfg = Release|Any CPU
		{6D78A1E7-B139-429A-B794-3E6D0EC59C74}.Release|Any CPU.Build.0 = Release|Any CPU
	EndGlobalSection
	GlobalSection(SolutionProperties) = preSolution
		HideSolutionNode = FALSE
	EndGlobalSection
	GlobalSection(ExtensibilityGlobals) = postSolution
		SolutionGuid = {34B35E43-88C0-438E-A53E-8AF5E7DCA296}
	EndGlobalSection
EndGlobal
